
Microsoft Visual Studio Solution File, Format Version 12.00
# Visual Studio Version 17
VisualStudioVersion = 17.3.32819.101
MinimumVisualStudioVersion = 10.0.40219.1
Project("{FAE04EC0-301F-11D3-BF4B-00C04F79EFBC}") = "Ejercicio3", "Ejercicio3\Ejercicio3.csproj", "{12650848-96D0-4B6F-8F17-66D79C7F71B0}"
EndProject
Global
	GlobalSection(SolutionConfigurationPlatforms) = preSolution
		Debug|Any CPU = Debug|Any CPU
		Release|Any CPU = Release|Any CPU
	EndGlobalSection
	GlobalSection(ProjectConfigurationPlatforms) = postSolution
		{12650848-96D0-4B6F-8F17-66D79C7F71B0}.Debug|Any CPU.ActiveCfg = Debug|Any CPU
		{12650848-96D0-4B6F-8F17-66D79C7F71B0}.Debug|Any CPU.Build.0 = Debug|Any CPU
		{12650848-96D0-4B6F-8F17-66D79C7F71B0}.Release|Any CPU.ActiveCfg = Release|Any CPU
		{12650848-96D0-4B6F-8F17-66D79C7F71B0}.Release|Any CPU.Build.0 = Release|Any CPU
	EndGlobalSection
	GlobalSection(SolutionProperties) = preSolution
		HideSolutionNode = FALSE
	EndGlobalSection
	GlobalSection(ExtensibilityGlobals) = postSolution
		SolutionGuid = {D29900B6-7B98-4CFF-ADED-A8B221CF07DB}
	EndGlobalSection
EndGlobal
